
Microsoft Visual Studio Solution File, Format Version 12.00
# Visual Studio Version 17
VisualStudioVersion = 17.9.34902.65
MinimumVisualStudioVersion = 10.0.40219.1
Project("{FAE04EC0-301F-11D3-BF4B-00C04F79EFBC}") = "FirstConsole", "FirstConsole\FirstConsole.csproj", "{09C6F509-71A9-4104-A9FF-752D6F36A0FD}"
EndProject
Project("{FAE04EC0-301F-11D3-BF4B-00C04F79EFBC}") = "BullsAndCows", "BullsAndCows\BullsAndCows.csproj", "{A830AC35-6812-4F92-8A96-E1DA8527052B}"
EndProject
Project("{FAE04EC0-301F-11D3-BF4B-00C04F79EFBC}") = "MazeSmile", "MazeSmile\MazeSmile.csproj", "{9951889D-2D1A-4EE0-8D63-30685612A4C1}"
EndProject
Global
	GlobalSection(SolutionConfigurationPlatforms) = preSolution
		Debug|Any CPU = Debug|Any CPU
		Release|Any CPU = Release|Any CPU
	EndGlobalSection
	GlobalSection(ProjectConfigurationPlatforms) = postSolution
		{09C6F509-71A9-4104-A9FF-752D6F36A0FD}.Debug|Any CPU.ActiveCfg = Debug|Any CPU
		{09C6F509-71A9-4104-A9FF-752D6F36A0FD}.Debug|Any CPU.Build.0 = Debug|Any CPU
		{09C6F509-71A9-4104-A9FF-752D6F36A0FD}.Release|Any CPU.ActiveCfg = Release|Any CPU
		{09C6F509-71A9-4104-A9FF-752D6F36A0FD}.Release|Any CPU.Build.0 = Release|Any CPU
		{A830AC35-6812-4F92-8A96-E1DA8527052B}.Debug|Any CPU.ActiveCfg = Debug|Any CPU
		{A830AC35-6812-4F92-8A96-E1DA8527052B}.Debug|Any CPU.Build.0 = Debug|Any CPU
		{A830AC35-6812-4F92-8A96-E1DA8527052B}.Release|Any CPU.ActiveCfg = Release|Any CPU
		{A830AC35-6812-4F92-8A96-E1DA8527052B}.Release|Any CPU.Build.0 = Release|Any CPU
		{9951889D-2D1A-4EE0-8D63-30685612A4C1}.Debug|Any CPU.ActiveCfg = Debug|Any CPU
		{9951889D-2D1A-4EE0-8D63-30685612A4C1}.Debug|Any CPU.Build.0 = Debug|Any CPU
		{9951889D-2D1A-4EE0-8D63-30685612A4C1}.Release|Any CPU.ActiveCfg = Release|Any CPU
		{9951889D-2D1A-4EE0-8D63-30685612A4C1}.Release|Any CPU.Build.0 = Release|Any CPU
	EndGlobalSection
	GlobalSection(SolutionProperties) = preSolution
		HideSolutionNode = FALSE
	EndGlobalSection
	GlobalSection(ExtensibilityGlobals) = postSolution
		SolutionGuid = {0B064C9E-4B36-44CE-A117-32192D9CB388}
	EndGlobalSection
EndGlobal
